
Microsoft Visual Studio Solution File, Format Version 12.00
# Visual Studio Version 17
VisualStudioVersion = 17.3.32901.215
MinimumVisualStudioVersion = 10.0.40219.1
Project("{9A19103F-16F7-4668-BE54-9A1E7A4F7556}") = "BookStore", "BookStore\BookStore.csproj", "{DF8CEBF4-2439-4F0D-A94D-A8ABD2C573AD}"
EndProject
Project("{FAE04EC0-301F-11D3-BF4B-00C04F79EFBC}") = "BookStore.Models", "BookStore.Models\BookStore.Models.csproj", "{99A20633-5E2E-4BCE-BAA1-567FCAA0B21C}"
EndProject
Project("{FAE04EC0-301F-11D3-BF4B-00C04F79EFBC}") = "BookStore.DL", "BookStore.DL\BookStore.DL.csproj", "{0ACFF904-6242-492E-A25B-B7B109735941}"
EndProject
Project("{FAE04EC0-301F-11D3-BF4B-00C04F79EFBC}") = "BookStore.BL", "BookStore.BL\BookStore.BL.csproj", "{1B2F1F8C-4DD3-453E-835A-427E0E3138E9}"
EndProject
Global
	GlobalSection(SolutionConfigurationPlatforms) = preSolution
		Debug|Any CPU = Debug|Any CPU
		Release|Any CPU = Release|Any CPU
	EndGlobalSection
	GlobalSection(ProjectConfigurationPlatforms) = postSolution
		{DF8CEBF4-2439-4F0D-A94D-A8ABD2C573AD}.Debug|Any CPU.ActiveCfg = Debug|Any CPU
		{DF8CEBF4-2439-4F0D-A94D-A8ABD2C573AD}.Debug|Any CPU.Build.0 = Debug|Any CPU
		{DF8CEBF4-2439-4F0D-A94D-A8ABD2C573AD}.Release|Any CPU.ActiveCfg = Release|Any CPU
		{DF8CEBF4-2439-4F0D-A94D-A8ABD2C573AD}.Release|Any CPU.Build.0 = Release|Any CPU
		{99A20633-5E2E-4BCE-BAA1-567FCAA0B21C}.Debug|Any CPU.ActiveCfg = Debug|Any CPU
		{99A20633-5E2E-4BCE-BAA1-567FCAA0B21C}.Debug|Any CPU.Build.0 = Debug|Any CPU
		{99A20633-5E2E-4BCE-BAA1-567FCAA0B21C}.Release|Any CPU.ActiveCfg = Release|Any CPU
		{99A20633-5E2E-4BCE-BAA1-567FCAA0B21C}.Release|Any CPU.Build.0 = Release|Any CPU
		{0ACFF904-6242-492E-A25B-B7B109735941}.Debug|Any CPU.ActiveCfg = Debug|Any CPU
		{0ACFF904-6242-492E-A25B-B7B109735941}.Debug|Any CPU.Build.0 = Debug|Any CPU
		{0ACFF904-6242-492E-A25B-B7B109735941}.Release|Any CPU.ActiveCfg = Release|Any CPU
		{0ACFF904-6242-492E-A25B-B7B109735941}.Release|Any CPU.Build.0 = Release|Any CPU
		{1B2F1F8C-4DD3-453E-835A-427E0E3138E9}.Debug|Any CPU.ActiveCfg = Debug|Any CPU
		{1B2F1F8C-4DD3-453E-835A-427E0E3138E9}.Debug|Any CPU.Build.0 = Debug|Any CPU
		{1B2F1F8C-4DD3-453E-835A-427E0E3138E9}.Release|Any CPU.ActiveCfg = Release|Any CPU
		{1B2F1F8C-4DD3-453E-835A-427E0E3138E9}.Release|Any CPU.Build.0 = Release|Any CPU
	EndGlobalSection
	GlobalSection(SolutionProperties) = preSolution
		HideSolutionNode = FALSE
	EndGlobalSection
	GlobalSection(ExtensibilityGlobals) = postSolution
		SolutionGuid = {6B0BDC06-D301-414E-B3C6-D7B2BE80447F}
	EndGlobalSection
EndGlobal
